
Microsoft Visual Studio Solution File, Format Version 12.00
# Visual Studio Version 16
VisualStudioVersion = 16.0.31019.35
MinimumVisualStudioVersion = 10.0.40219.1
Project("{FAE04EC0-301F-11D3-BF4B-00C04F79EFBC}") = "Chap13App", "Chap13App\Chap13App.csproj", "{C5F6AE6D-684E-4942-BEAA-0529C6DED26E}"
EndProject
Project("{FAE04EC0-301F-11D3-BF4B-00C04F79EFBC}") = "ConfirmWinApp", "ConfirmWinApp\ConfirmWinApp.csproj", "{584A7E3F-847F-470C-B102-641310F225ED}"
EndProject
Project("{9A19103F-16F7-4668-BE54-9A1E7A4F7556}") = "CallbackTestApp", "CallbackTestApp\CallbackTestApp.csproj", "{5B70455E-0A3A-4D29-9BB9-75C653386DD4}"
EndProject
Project("{9A19103F-16F7-4668-BE54-9A1E7A4F7556}") = "DelegateChainApp", "DelegateChainApp\DelegateChainApp.csproj", "{2860B840-CF60-4951-8C34-480CEF289E59}"
EndProject
Project("{FAE04EC0-301F-11D3-BF4B-00C04F79EFBC}") = "DelegateChain2App", "DelegateChain2App\DelegateChain2App.csproj", "{437A6EBC-177B-4EB0-B5C3-E0DEE1DBFD46}"
EndProject
Project("{FAE04EC0-301F-11D3-BF4B-00C04F79EFBC}") = "UsingEventApp", "UsingEventApp\UsingEventApp.csproj", "{FEA63DFC-2CD6-4B4F-9731-D390446BBFBE}"
EndProject
Global
	GlobalSection(SolutionConfigurationPlatforms) = preSolution
		Debug|Any CPU = Debug|Any CPU
		Release|Any CPU = Release|Any CPU
	EndGlobalSection
	GlobalSection(ProjectConfigurationPlatforms) = postSolution
		{C5F6AE6D-684E-4942-BEAA-0529C6DED26E}.Debug|Any CPU.ActiveCfg = Debug|Any CPU
		{C5F6AE6D-684E-4942-BEAA-0529C6DED26E}.Debug|Any CPU.Build.0 = Debug|Any CPU
		{C5F6AE6D-684E-4942-BEAA-0529C6DED26E}.Release|Any CPU.ActiveCfg = Release|Any CPU
		{C5F6AE6D-684E-4942-BEAA-0529C6DED26E}.Release|Any CPU.Build.0 = Release|Any CPU
		{584A7E3F-847F-470C-B102-641310F225ED}.Debug|Any CPU.ActiveCfg = Debug|Any CPU
		{584A7E3F-847F-470C-B102-641310F225ED}.Debug|Any CPU.Build.0 = Debug|Any CPU
		{584A7E3F-847F-470C-B102-641310F225ED}.Release|Any CPU.ActiveCfg = Release|Any CPU
		{584A7E3F-847F-470C-B102-641310F225ED}.Release|Any CPU.Build.0 = Release|Any CPU
		{5B70455E-0A3A-4D29-9BB9-75C653386DD4}.Debug|Any CPU.ActiveCfg = Debug|Any CPU
		{5B70455E-0A3A-4D29-9BB9-75C653386DD4}.Debug|Any CPU.Build.0 = Debug|Any CPU
		{5B70455E-0A3A-4D29-9BB9-75C653386DD4}.Release|Any CPU.ActiveCfg = Release|Any CPU
		{5B70455E-0A3A-4D29-9BB9-75C653386DD4}.Release|Any CPU.Build.0 = Release|Any CPU
		{2860B840-CF60-4951-8C34-480CEF289E59}.Debug|Any CPU.ActiveCfg = Debug|Any CPU
		{2860B840-CF60-4951-8C34-480CEF289E59}.Debug|Any CPU.Build.0 = Debug|Any CPU
		{2860B840-CF60-4951-8C34-480CEF289E59}.Release|Any CPU.ActiveCfg = Release|Any CPU
		{2860B840-CF60-4951-8C34-480CEF289E59}.Release|Any CPU.Build.0 = Release|Any CPU
		{437A6EBC-177B-4EB0-B5C3-E0DEE1DBFD46}.Debug|Any CPU.ActiveCfg = Debug|Any CPU
		{437A6EBC-177B-4EB0-B5C3-E0DEE1DBFD46}.Debug|Any CPU.Build.0 = Debug|Any CPU
		{437A6EBC-177B-4EB0-B5C3-E0DEE1DBFD46}.Release|Any CPU.ActiveCfg = Release|Any CPU
		{437A6EBC-177B-4EB0-B5C3-E0DEE1DBFD46}.Release|Any CPU.Build.0 = Release|Any CPU
		{FEA63DFC-2CD6-4B4F-9731-D390446BBFBE}.Debug|Any CPU.ActiveCfg = Debug|Any CPU
		{FEA63DFC-2CD6-4B4F-9731-D390446BBFBE}.Debug|Any CPU.Build.0 = Debug|Any CPU
		{FEA63DFC-2CD6-4B4F-9731-D390446BBFBE}.Release|Any CPU.ActiveCfg = Release|Any CPU
		{FEA63DFC-2CD6-4B4F-9731-D390446BBFBE}.Release|Any CPU.Build.0 = Release|Any CPU
	EndGlobalSection
	GlobalSection(SolutionProperties) = preSolution
		HideSolutionNode = FALSE
	EndGlobalSection
	GlobalSection(ExtensibilityGlobals) = postSolution
		SolutionGuid = {96640941-50D8-4132-B8E8-DFE9259FDF3D}
	EndGlobalSection
EndGlobal
