
Microsoft Visual Studio Solution File, Format Version 12.00
# Visual Studio Version 16
VisualStudioVersion = 16.0.30907.101
MinimumVisualStudioVersion = 10.0.40219.1
Project("{FAE04EC0-301F-11D3-BF4B-00C04F79EFBC}") = "Chap07App", "Chap07App\Chap07App.csproj", "{FD4D856F-2495-45CB-ADD9-3D449DAE0296}"
EndProject
Project("{FAE04EC0-301F-11D3-BF4B-00C04F79EFBC}") = "CalcTestApp", "CalcTestApp\CalcTestApp.csproj", "{F9AAB0B8-A567-4634-9E42-E18B6EE314AA}"
EndProject
Project("{9A19103F-16F7-4668-BE54-9A1E7A4F7556}") = "StaticTestApp", "StaticTestApp\StaticTestApp.csproj", "{8AF10BD1-4274-4E2A-AA30-58AEA9DE4376}"
EndProject
Project("{FAE04EC0-301F-11D3-BF4B-00C04F79EFBC}") = "AccessModifierTsetApp", "AccessModifierTsetApp\AccessModifierTsetApp.csproj", "{DDB2057C-CCB3-4FD2-ABCF-BB7206BC32C7}"
EndProject
Global
	GlobalSection(SolutionConfigurationPlatforms) = preSolution
		Debug|Any CPU = Debug|Any CPU
		Release|Any CPU = Release|Any CPU
	EndGlobalSection
	GlobalSection(ProjectConfigurationPlatforms) = postSolution
		{FD4D856F-2495-45CB-ADD9-3D449DAE0296}.Debug|Any CPU.ActiveCfg = Debug|Any CPU
		{FD4D856F-2495-45CB-ADD9-3D449DAE0296}.Debug|Any CPU.Build.0 = Debug|Any CPU
		{FD4D856F-2495-45CB-ADD9-3D449DAE0296}.Release|Any CPU.ActiveCfg = Release|Any CPU
		{FD4D856F-2495-45CB-ADD9-3D449DAE0296}.Release|Any CPU.Build.0 = Release|Any CPU
		{F9AAB0B8-A567-4634-9E42-E18B6EE314AA}.Debug|Any CPU.ActiveCfg = Debug|Any CPU
		{F9AAB0B8-A567-4634-9E42-E18B6EE314AA}.Debug|Any CPU.Build.0 = Debug|Any CPU
		{F9AAB0B8-A567-4634-9E42-E18B6EE314AA}.Release|Any CPU.ActiveCfg = Release|Any CPU
		{F9AAB0B8-A567-4634-9E42-E18B6EE314AA}.Release|Any CPU.Build.0 = Release|Any CPU
		{8AF10BD1-4274-4E2A-AA30-58AEA9DE4376}.Debug|Any CPU.ActiveCfg = Debug|Any CPU
		{8AF10BD1-4274-4E2A-AA30-58AEA9DE4376}.Debug|Any CPU.Build.0 = Debug|Any CPU
		{8AF10BD1-4274-4E2A-AA30-58AEA9DE4376}.Release|Any CPU.ActiveCfg = Release|Any CPU
		{8AF10BD1-4274-4E2A-AA30-58AEA9DE4376}.Release|Any CPU.Build.0 = Release|Any CPU
		{DDB2057C-CCB3-4FD2-ABCF-BB7206BC32C7}.Debug|Any CPU.ActiveCfg = Debug|Any CPU
		{DDB2057C-CCB3-4FD2-ABCF-BB7206BC32C7}.Debug|Any CPU.Build.0 = Debug|Any CPU
		{DDB2057C-CCB3-4FD2-ABCF-BB7206BC32C7}.Release|Any CPU.ActiveCfg = Release|Any CPU
		{DDB2057C-CCB3-4FD2-ABCF-BB7206BC32C7}.Release|Any CPU.Build.0 = Release|Any CPU
	EndGlobalSection
	GlobalSection(SolutionProperties) = preSolution
		HideSolutionNode = FALSE
	EndGlobalSection
	GlobalSection(ExtensibilityGlobals) = postSolution
		SolutionGuid = {CB09A6F8-56BC-423B-8C2F-8634A01809A1}
	EndGlobalSection
EndGlobal
